// !$*UTF8*$!
{
	archiveVersion = 1;
	classes = {
	};
	objectVersion = 56;
	objects = {

/* Begin PBXBuildFile section */
		35AD848D2E24F14500C791B0 /* AppDelegate.swift in Sources */ = {isa = PBXBuildFile; fileRef = 35AD848C2E24F14500C791B0 /* AppDelegate.swift */; };
		35AD848F2E24F14500C791B0 /* SceneDelegate.swift in Sources */ = {isa = PBXBuildFile; fileRef = 35AD848E2E24F14500C791B0 /* SceneDelegate.swift */; };
		35AD84912E24F14500C791B0 /* ViewController.swift in Sources */ = {isa = PBXBuildFile; fileRef = 35AD84902E24F14500C791B0 /* ViewController.swift */; };
		35AD84942E24F14500C791B0 /* Main.storyboard in Resources */ = {isa = PBXBuildFile; fileRef = 35AD84922E24F14500C791B0 /* Main.storyboard */; };
		35AD84962E24F14C00C791B0 /* Assets.xcassets in Resources */ = {isa = PBXBuildFile; fileRef = 35AD84952E24F14C00C791B0 /* Assets.xcassets */; };
		35AD84992E24F14C00C791B0 /* LaunchScreen.storyboard in Resources */ = {isa = PBXBuildFile; fileRef = 35AD84972E24F14C00C791B0 /* LaunchScreen.storyboard */; };
		35AD84A72E24F47800C791B0 /* README.md in Resources */ = {isa = PBXBuildFile; fileRef = 35AD84A22E24F47800C791B0 /* README.md */; };
		35AD84AA2E24F47800C791B0 /* NetworkManager.swift in Sources */ = {isa = PBXBuildFile; fileRef = 35AD84A52E24F47800C791B0 /* NetworkManager.swift */; };
		35AD84B22E24F4DB00C791B0 /* SSLCertificatePining_SwiftDemoTests.swift in Sources */ = {isa = PBXBuildFile; fileRef = 35AD84B12E24F4DB00C791B0 /* SSLCertificatePining_SwiftDemoTests.swift */; };
		35AD84B92E24F4ED00C791B0 /* NetworkManagerTests.swift in Sources */ = {isa = PBXBuildFile; fileRef = 35AD84B82E24F4ED00C791B0 /* NetworkManagerTests.swift */; };
/* End PBXBuildFile section */

/* Begin PBXContainerItemProxy section */
		35AD84B32E24F4DB00C791B0 /* PBXContainerItemProxy */ = {
			isa = PBXContainerItemProxy;
			containerPortal = 35AD84812E24F14500C791B0 /* Project object */;
			proxyType = 1;
			remoteGlobalIDString = 35AD84882E24F14500C791B0;
			remoteInfo = "SSLCertificatePining-SwiftDemo";
		};
/* End PBXContainerItemProxy section */

/* Begin PBXFileReference section */
		35AD84892E24F14500C791B0 /* SSLCertificatePining-SwiftDemo.app */ = {isa = PBXFileReference; explicitFileType = wrapper.application; includeInIndex = 0; path = "SSLCertificatePining-SwiftDemo.app"; sourceTree = BUILT_PRODUCTS_DIR; };
		35AD848C2E24F14500C791B0 /* AppDelegate.swift */ = {isa = PBXFileReference; lastKnownFileType = sourcecode.swift; path = AppDelegate.swift; sourceTree = "<group>"; };
		35AD848E2E24F14500C791B0 /* SceneDelegate.swift */ = {isa = PBXFileReference; lastKnownFileType = sourcecode.swift; path = SceneDelegate.swift; sourceTree = "<group>"; };
		35AD84902E24F14500C791B0 /* ViewController.swift */ = {isa = PBXFileReference; lastKnownFileType = sourcecode.swift; path = ViewController.swift; sourceTree = "<group>"; };
		35AD84932E24F14500C791B0 /* Base */ = {isa = PBXFileReference; lastKnownFileType = file.storyboard; name = Base; path = Base.lproj/Main.storyboard; sourceTree = "<group>"; };
		35AD84952E24F14C00C791B0 /* Assets.xcassets */ = {isa = PBXFileReference; lastKnownFileType = folder.assetcatalog; path = Assets.xcassets; sourceTree = "<group>"; };
		35AD84982E24F14C00C791B0 /* Base */ = {isa = PBXFileReference; lastKnownFileType = file.storyboard; name = Base; path = Base.lproj/LaunchScreen.storyboard; sourceTree = "<group>"; };
		35AD849A2E24F14C00C791B0 /* Info.plist */ = {isa = PBXFileReference; lastKnownFileType = text.plist.xml; path = Info.plist; sourceTree = "<group>"; };
		35AD84A22E24F47800C791B0 /* README.md */ = {isa = PBXFileReference; fileEncoding = 4; lastKnownFileType = net.daringfireball.markdown; path = README.md; sourceTree = "<group>"; };
		35AD84A52E24F47800C791B0 /* NetworkManager.swift */ = {isa = PBXFileReference; fileEncoding = 4; lastKnownFileType = sourcecode.swift; path = NetworkManager.swift; sourceTree = "<group>"; };
		35AD84AF2E24F4DB00C791B0 /* SSLCertificatePining-SwiftDemoTests.xctest */ = {isa = PBXFileReference; explicitFileType = wrapper.cfbundle; includeInIndex = 0; path = "SSLCertificatePining-SwiftDemoTests.xctest"; sourceTree = BUILT_PRODUCTS_DIR; };
		35AD84B12E24F4DB00C791B0 /* SSLCertificatePining_SwiftDemoTests.swift */ = {isa = PBXFileReference; lastKnownFileType = sourcecode.swift; path = SSLCertificatePining_SwiftDemoTests.swift; sourceTree = "<group>"; };
		35AD84B82E24F4ED00C791B0 /* NetworkManagerTests.swift */ = {isa = PBXFileReference; fileEncoding = 4; lastKnownFileType = sourcecode.swift; path = NetworkManagerTests.swift; sourceTree = "<group>"; };
/* End PBXFileReference section */

/* Begin PBXFrameworksBuildPhase section */
		35AD84862E24F14500C791B0 /* Frameworks */ = {
			isa = PBXFrameworksBuildPhase;
			buildActionMask = 2147483647;
			files = (
			);
			runOnlyForDeploymentPostprocessing = 0;
		};
		35AD84AC2E24F4DB00C791B0 /* Frameworks */ = {
			isa = PBXFrameworksBuildPhase;
			buildActionMask = 2147483647;
			files = (
			);
			runOnlyForDeploymentPostprocessing = 0;
		};
/* End PBXFrameworksBuildPhase section */

/* Begin PBXGroup section */
		35AD84802E24F14500C791B0 = {
			isa = PBXGroup;
			children = (
				35AD848B2E24F14500C791B0 /* SSLCertificatePining-SwiftDemo */,
				35AD84B02E24F4DB00C791B0 /* SSLCertificatePining-SwiftDemoTests */,
				35AD848A2E24F14500C791B0 /* Products */,
			);
			sourceTree = "<group>";
		};
		35AD848A2E24F14500C791B0 /* Products */ = {
			isa = PBXGroup;
			children = (
				35AD84892E24F14500C791B0 /* SSLCertificatePining-SwiftDemo.app */,
				35AD84AF2E24F4DB00C791B0 /* SSLCertificatePining-SwiftDemoTests.xctest */,
			);
			name = Products;
			sourceTree = "<group>";
		};
		35AD848B2E24F14500C791B0 /* SSLCertificatePining-SwiftDemo */ = {
			isa = PBXGroup;
			children = (
				35AD848C2E24F14500C791B0 /* AppDelegate.swift */,
				35AD848E2E24F14500C791B0 /* SceneDelegate.swift */,
				35AD84902E24F14500C791B0 /* ViewController.swift */,
				35AD84A52E24F47800C791B0 /* NetworkManager.swift */,
				35AD84A12E24F47700C791B0 /* Resources */,
				35AD84922E24F14500C791B0 /* Main.storyboard */,
				35AD84952E24F14C00C791B0 /* Assets.xcassets */,
				35AD84972E24F14C00C791B0 /* LaunchScreen.storyboard */,
				35AD849A2E24F14C00C791B0 /* Info.plist */,
			);
			path = "SSLCertificatePining-SwiftDemo";
			sourceTree = "<group>";
		};
		35AD84A12E24F47700C791B0 /* Resources */ = {
			isa = PBXGroup;
			children = (
				35AD84A22E24F47800C791B0 /* README.md */,
			);
			path = Resources;
			sourceTree = "<group>";
		};
		35AD84B02E24F4DB00C791B0 /* SSLCertificatePining-SwiftDemoTests */ = {
			isa = PBXGroup;
			children = (
				35AD84B82E24F4ED00C791B0 /* NetworkManagerTests.swift */,
				35AD84B12E24F4DB00C791B0 /* SSLCertificatePining_SwiftDemoTests.swift */,
			);
			path = "SSLCertificatePining-SwiftDemoTests";
			sourceTree = "<group>";
		};
/* End PBXGroup section */

/* Begin PBXNativeTarget section */
		35AD84882E24F14500C791B0 /* SSLCertificatePining-SwiftDemo */ = {
			isa = PBXNativeTarget;
			buildConfigurationList = 35AD849D2E24F14C00C791B0 /* Build configuration list for PBXNativeTarget "SSLCertificatePining-SwiftDemo" */;
			buildPhases = (
				35AD84852E24F14500C791B0 /* Sources */,
				35AD84862E24F14500C791B0 /* Frameworks */,
				35AD84872E24F14500C791B0 /* Resources */,
			);
			buildRules = (
			);
			dependencies = (
			);
			name = "SSLCertificatePining-SwiftDemo";
			productName = "SSLCertificatePining-SwiftDemo";
			productReference = 35AD84892E24F14500C791B0 /* SSLCertificatePining-SwiftDemo.app */;
			productType = "com.apple.product-type.application";
		};
		35AD84AE2E24F4DB00C791B0 /* SSLCertificatePining-SwiftDemoTests */ = {
			isa = PBXNativeTarget;
			buildConfigurationList = 35AD84B52E24F4DB00C791B0 /* Build configuration list for PBXNativeTarget "SSLCertificatePining-SwiftDemoTests" */;
			buildPhases = (
				35AD84AB2E24F4DB00C791B0 /* Sources */,
				35AD84AC2E24F4DB00C791B0 /* Frameworks */,
				35AD84AD2E24F4DB00C791B0 /* Resources */,
			);
			buildRules = (
			);
			dependencies = (
				35AD84B42E24F4DB00C791B0 /* PBXTargetDependency */,
			);
			name = "SSLCertificatePining-SwiftDemoTests";
			productName = "SSLCertificatePining-SwiftDemoTests";
			productReference = 35AD84AF2E24F4DB00C791B0 /* SSLCertificatePining-SwiftDemoTests.xctest */;
			productType = "com.apple.product-type.bundle.unit-test";
		};
/* End PBXNativeTarget section */

/* Begin PBXProject section */
		35AD84812E24F14500C791B0 /* Project object */ = {
			isa = PBXProject;
			attributes = {
				BuildIndependentTargetsInParallel = 1;
				LastSwiftUpdateCheck = 1420;
				LastUpgradeCheck = 1420;
				TargetAttributes = {
					35AD84882E24F14500C791B0 = {
						CreatedOnToolsVersion = 14.2;
					};
					35AD84AE2E24F4DB00C791B0 = {
						CreatedOnToolsVersion = 14.2;
						TestTargetID = 35AD84882E24F14500C791B0;
					};
				};
			};
			buildConfigurationList = 35AD84842E24F14500C791B0 /* Build configuration list for PBXProject "SSLCertificatePining-SwiftDemo" */;
			compatibilityVersion = "Xcode 14.0";
			developmentRegion = en;
			hasScannedForEncodings = 0;
			knownRegions = (
				en,
				Base,
			);
			mainGroup = 35AD84802E24F14500C791B0;
			productRefGroup = 35AD848A2E24F14500C791B0 /* Products */;
			projectDirPath = "";
			projectRoot = "";
			targets = (
				35AD84882E24F14500C791B0 /* SSLCertificatePining-SwiftDemo */,
				35AD84AE2E24F4DB00C791B0 /* SSLCertificatePining-SwiftDemoTests */,
			);
		};
/* End PBXProject section */

/* Begin PBXResourcesBuildPhase section */
		35AD84872E24F14500C791B0 /* Resources */ = {
			isa = PBXResourcesBuildPhase;
			buildActionMask = 2147483647;
			files = (
				35AD84992E24F14C00C791B0 /* LaunchScreen.storyboard in Resources */,
				35AD84962E24F14C00C791B0 /* Assets.xcassets in Resources */,
				35AD84A72E24F47800C791B0 /* README.md in Resources */,
				35AD84942E24F14500C791B0 /* Main.storyboard in Resources */,
			);
			runOnlyForDeploymentPostprocessing = 0;
		};
		35AD84AD2E24F4DB00C791B0 /* Resources */ = {
			isa = PBXResourcesBuildPhase;
			buildActionMask = 2147483647;
			files = (
			);
			runOnlyForDeploymentPostprocessing = 0;
		};
/* End PBXResourcesBuildPhase section */

/* Begin PBXSourcesBuildPhase section */
		35AD84852E24F14500C791B0 /* Sources */ = {
			isa = PBXSourcesBuildPhase;
			buildActionMask = 2147483647;
			files = (
				35AD84AA2E24F47800C791B0 /* NetworkManager.swift in Sources */,
				35AD84912E24F14500C791B0 /* ViewController.swift in Sources */,
				35AD848D2E24F14500C791B0 /* AppDelegate.swift in Sources */,
				35AD848F2E24F14500C791B0 /* SceneDelegate.swift in Sources */,
			);
			runOnlyForDeploymentPostprocessing = 0;
		};
		35AD84AB2E24F4DB00C791B0 /* Sources */ = {
			isa = PBXSourcesBuildPhase;
			buildActionMask = 2147483647;
			files = (
				35AD84B92E24F4ED00C791B0 /* NetworkManagerTests.swift in Sources */,
				35AD84B22E24F4DB00C791B0 /* SSLCertificatePining_SwiftDemoTests.swift in Sources */,
			);
			runOnlyForDeploymentPostprocessing = 0;
		};
/* End PBXSourcesBuildPhase section */

/* Begin PBXTargetDependency section */
		35AD84B42E24F4DB00C791B0 /* PBXTargetDependency */ = {
			isa = PBXTargetDependency;
			target = 35AD84882E24F14500C791B0 /* SSLCertificatePining-SwiftDemo */;
			targetProxy = 35AD84B32E24F4DB00C791B0 /* PBXContainerItemProxy */;
		};
/* End PBXTargetDependency section */

/* Begin PBXVariantGroup section */
		35AD84922E24F14500C791B0 /* Main.storyboard */ = {
			isa = PBXVariantGroup;
			children = (
				35AD84932E24F14500C791B0 /* Base */,
			);
			name = Main.storyboard;
			sourceTree = "<group>";
		};
		35AD84972E24F14C00C791B0 /* LaunchScreen.storyboard */ = {
			isa = PBXVariantGroup;
			children = (
				35AD84982E24F14C00C791B0 /* Base */,
			);
			name = LaunchScreen.storyboard;
			sourceTree = "<group>";
		};
/* End PBXVariantGroup section */

/* Begin XCBuildConfiguration section */
		35AD849B2E24F14C00C791B0 /* Debug */ = {
			isa = XCBuildConfiguration;
			buildSettings = {
				ALWAYS_SEARCH_USER_PATHS = NO;
				CLANG_ANALYZER_NONNULL = YES;
				CLANG_ANALYZER_NUMBER_OBJECT_CONVERSION = YES_AGGRESSIVE;
				CLANG_CXX_LANGUAGE_STANDARD = "gnu++20";
				CLANG_ENABLE_MODULES = YES;
				CLANG_ENABLE_OBJC_ARC = YES;
				CLANG_ENABLE_OBJC_WEAK = YES;
				CLANG_WARN_BLOCK_CAPTURE_AUTORELEASING = YES;
				CLANG_WARN_BOOL_CONVERSION = YES;
				CLANG_WARN_COMMA = YES;
				CLANG_WARN_CONSTANT_CONVERSION = YES;
				CLANG_WARN_DEPRECATED_OBJC_IMPLEMENTATIONS = YES;
				CLANG_WARN_DIRECT_OBJC_ISA_USAGE = YES_ERROR;
				CLANG_WARN_DOCUMENTATION_COMMENTS = YES;
				CLANG_WARN_EMPTY_BODY = YES;
				CLANG_WARN_ENUM_CONVERSION = YES;
				CLANG_WARN_INFINITE_RECURSION = YES;
				CLANG_WARN_INT_CONVERSION = YES;
				CLANG_WARN_NON_LITERAL_NULL_CONVERSION = YES;
				CLANG_WARN_OBJC_IMPLICIT_RETAIN_SELF = YES;
				CLANG_WARN_OBJC_LITERAL_CONVERSION = YES;
				CLANG_WARN_OBJC_ROOT_CLASS = YES_ERROR;
				CLANG_WARN_QUOTED_INCLUDE_IN_FRAMEWORK_HEADER = YES;
				CLANG_WARN_RANGE_LOOP_ANALYSIS = YES;
				CLANG_WARN_STRICT_PROTOTYPES = YES;
				CLANG_WARN_SUSPICIOUS_MOVE = YES;
				CLANG_WARN_UNGUARDED_AVAILABILITY = YES_AGGRESSIVE;
				CLANG_WARN_UNREACHABLE_CODE = YES;
				CLANG_WARN__DUPLICATE_METHOD_MATCH = YES;
				COPY_PHASE_STRIP = NO;
				DEBUG_INFORMATION_FORMAT = dwarf;
				ENABLE_STRICT_OBJC_MSGSEND = YES;
				ENABLE_TESTABILITY = YES;
				GCC_C_LANGUAGE_STANDARD = gnu11;
				GCC_DYNAMIC_NO_PIC = NO;
				GCC_NO_COMMON_BLOCKS = YES;
				GCC_OPTIMIZATION_LEVEL = 0;
				GCC_PREPROCESSOR_DEFINITIONS = (
					"DEBUG=1",
					"$(inherited)",
				);
				GCC_WARN_64_TO_32_BIT_CONVERSION = YES;
				GCC_WARN_ABOUT_RETURN_TYPE = YES_ERROR;
				GCC_WARN_UNDECLARED_SELECTOR = YES;
				GCC_WARN_UNINITIALIZED_AUTOS = YES_AGGRESSIVE;
				GCC_WARN_UNUSED_FUNCTION = YES;
				GCC_WARN_UNUSED_VARIABLE = YES;
				IPHONEOS_DEPLOYMENT_TARGET = 16.2;
				MTL_ENABLE_DEBUG_INFO = INCLUDE_SOURCE;
				MTL_FAST_MATH = YES;
				ONLY_ACTIVE_ARCH = YES;
				SDKROOT = iphoneos;
				SWIFT_ACTIVE_COMPILATION_CONDITIONS = DEBUG;
				SWIFT_OPTIMIZATION_LEVEL = "-Onone";
			};
			name = Debug;
		};
		35AD849C2E24F14C00C791B0 /* Release */ = {
			isa = XCBuildConfiguration;
			buildSettings = {
				ALWAYS_SEARCH_USER_PATHS = NO;
				CLANG_ANALYZER_NONNULL = YES;
				CLANG_ANALYZER_NUMBER_OBJECT_CONVERSION = YES_AGGRESSIVE;
				CLANG_CXX_LANGUAGE_STANDARD = "gnu++20";
				CLANG_ENABLE_MODULES = YES;
				CLANG_ENABLE_OBJC_ARC = YES;
				CLANG_ENABLE_OBJC_WEAK = YES;
				CLANG_WARN_BLOCK_CAPTURE_AUTORELEASING = YES;
				CLANG_WARN_BOOL_CONVERSION = YES;
				CLANG_WARN_COMMA = YES;
				CLANG_WARN_CONSTANT_CONVERSION = YES;
				CLANG_WARN_DEPRECATED_OBJC_IMPLEMENTATIONS = YES;
				CLANG_WARN_DIRECT_OBJC_ISA_USAGE = YES_ERROR;
				CLANG_WARN_DOCUMENTATION_COMMENTS = YES;
				CLANG_WARN_EMPTY_BODY = YES;
				CLANG_WARN_ENUM_CONVERSION = YES;
				CLANG_WARN_INFINITE_RECURSION = YES;
				CLANG_WARN_INT_CONVERSION = YES;
				CLANG_WARN_NON_LITERAL_NULL_CONVERSION = YES;
				CLANG_WARN_OBJC_IMPLICIT_RETAIN_SELF = YES;
				CLANG_WARN_OBJC_LITERAL_CONVERSION = YES;
				CLANG_WARN_OBJC_ROOT_CLASS = YES_ERROR;
				CLANG_WARN_QUOTED_INCLUDE_IN_FRAMEWORK_HEADER = YES;
				CLANG_WARN_RANGE_LOOP_ANALYSIS = YES;
				CLANG_WARN_STRICT_PROTOTYPES = YES;
				CLANG_WARN_SUSPICIOUS_MOVE = YES;
				CLANG_WARN_UNGUARDED_AVAILABILITY = YES_AGGRESSIVE;
				CLANG_WARN_UNREACHABLE_CODE = YES;
				CLANG_WARN__DUPLICATE_METHOD_MATCH = YES;
				COPY_PHASE_STRIP = NO;
				DEBUG_INFORMATION_FORMAT = "dwarf-with-dsym";
				ENABLE_NS_ASSERTIONS = NO;
				ENABLE_STRICT_OBJC_MSGSEND = YES;
				GCC_C_LANGUAGE_STANDARD = gnu11;
				GCC_NO_COMMON_BLOCKS = YES;
				GCC_WARN_64_TO_32_BIT_CONVERSION = YES;
				GCC_WARN_ABOUT_RETURN_TYPE = YES_ERROR;
				GCC_WARN_UNDECLARED_SELECTOR = YES;
				GCC_WARN_UNINITIALIZED_AUTOS = YES_AGGRESSIVE;
				GCC_WARN_UNUSED_FUNCTION = YES;
				GCC_WARN_UNUSED_VARIABLE = YES;
				IPHONEOS_DEPLOYMENT_TARGET = 16.2;
				MTL_ENABLE_DEBUG_INFO = NO;
				MTL_FAST_MATH = YES;
				SDKROOT = iphoneos;
				SWIFT_COMPILATION_MODE = wholemodule;
				SWIFT_OPTIMIZATION_LEVEL = "-O";
				VALIDATE_PRODUCT = YES;
			};
			name = Release;
		};
		35AD849E2E24F14C00C791B0 /* Debug */ = {
			isa = XCBuildConfiguration;
			buildSettings = {
				ASSETCATALOG_COMPILER_APPICON_NAME = AppIcon;
				ASSETCATALOG_COMPILER_GLOBAL_ACCENT_COLOR_NAME = AccentColor;
				CODE_SIGN_STYLE = Automatic;
				CURRENT_PROJECT_VERSION = 1;
				DEVELOPMENT_TEAM = 8TRG728PSX;
				GENERATE_INFOPLIST_FILE = YES;
				INFOPLIST_FILE = "SSLCertificatePining-SwiftDemo/Info.plist";
				INFOPLIST_KEY_UIApplicationSupportsIndirectInputEvents = YES;
				INFOPLIST_KEY_UILaunchStoryboardName = LaunchScreen;
				INFOPLIST_KEY_UIMainStoryboardFile = Main;
				INFOPLIST_KEY_UISupportedInterfaceOrientations_iPad = "UIInterfaceOrientationPortrait UIInterfaceOrientationPortraitUpsideDown UIInterfaceOrientationLandscapeLeft UIInterfaceOrientationLandscapeRight";
				INFOPLIST_KEY_UISupportedInterfaceOrientations_iPhone = "UIInterfaceOrientationPortrait UIInterfaceOrientationLandscapeLeft UIInterfaceOrientationLandscapeRight";
				LD_RUNPATH_SEARCH_PATHS = (
					"$(inherited)",
					"@executable_path/Frameworks",
				);
				MARKETING_VERSION = 1.0;
				PRODUCT_BUNDLE_IDENTIFIER = "com.gourav.SSLCertificatePining-SwiftDemo";
				PRODUCT_NAME = "$(TARGET_NAME)";
				SWIFT_EMIT_LOC_STRINGS = YES;
				SWIFT_VERSION = 5.0;
				TARGETED_DEVICE_FAMILY = "1,2";
			};
			name = Debug;
		};
		35AD849F2E24F14C00C791B0 /* Release */ = {
			isa = XCBuildConfiguration;
			buildSettings = {
				ASSETCATALOG_COMPILER_APPICON_NAME = AppIcon;
				ASSETCATALOG_COMPILER_GLOBAL_ACCENT_COLOR_NAME = AccentColor;
				CODE_SIGN_STYLE = Automatic;
				CURRENT_PROJECT_VERSION = 1;
				DEVELOPMENT_TEAM = 8TRG728PSX;
				GENERATE_INFOPLIST_FILE = YES;
				INFOPLIST_FILE = "SSLCertificatePining-SwiftDemo/Info.plist";
				INFOPLIST_KEY_UIApplicationSupportsIndirectInputEvents = YES;
				INFOPLIST_KEY_UILaunchStoryboardName = LaunchScreen;
				INFOPLIST_KEY_UIMainStoryboardFile = Main;
				INFOPLIST_KEY_UISupportedInterfaceOrientations_iPad = "UIInterfaceOrientationPortrait UIInterfaceOrientationPortraitUpsideDown UIInterfaceOrientationLandscapeLeft UIInterfaceOrientationLandscapeRight";
				INFOPLIST_KEY_UISupportedInterfaceOrientations_iPhone = "UIInterfaceOrientationPortrait UIInterfaceOrientationLandscapeLeft UIInterfaceOrientationLandscapeRight";
				LD_RUNPATH_SEARCH_PATHS = (
					"$(inherited)",
					"@executable_path/Frameworks",
				);
				MARKETING_VERSION = 1.0;
				PRODUCT_BUNDLE_IDENTIFIER = "com.gourav.SSLCertificatePining-SwiftDemo";
				PRODUCT_NAME = "$(TARGET_NAME)";
				SWIFT_EMIT_LOC_STRINGS = YES;
				SWIFT_VERSION = 5.0;
				TARGETED_DEVICE_FAMILY = "1,2";
			};
			name = Release;
		};
		35AD84B62E24F4DB00C791B0 /* Debug */ = {
			isa = XCBuildConfiguration;
			buildSettings = {
				BUNDLE_LOADER = "$(TEST_HOST)";
				CODE_SIGN_STYLE = Automatic;
				CURRENT_PROJECT_VERSION = 1;
				DEVELOPMENT_TEAM = 8TRG728PSX;
				GENERATE_INFOPLIST_FILE = YES;
				MARKETING_VERSION = 1.0;
				PRODUCT_BUNDLE_IDENTIFIER = "com.gourav.SSLCertificatePining-SwiftDemoTests";
				PRODUCT_NAME = "$(TARGET_NAME)";
				SWIFT_EMIT_LOC_STRINGS = NO;
				SWIFT_VERSION = 5.0;
				TARGETED_DEVICE_FAMILY = "1,2";
				TEST_HOST = "$(BUILT_PRODUCTS_DIR)/SSLCertificatePining-SwiftDemo.app/$(BUNDLE_EXECUTABLE_FOLDER_PATH)/SSLCertificatePining-SwiftDemo";
			};
			name = Debug;
		};
		35AD84B72E24F4DB00C791B0 /* Release */ = {
			isa = XCBuildConfiguration;
			buildSettings = {
				BUNDLE_LOADER = "$(TEST_HOST)";
				CODE_SIGN_STYLE = Automatic;
				CURRENT_PROJECT_VERSION = 1;
				DEVELOPMENT_TEAM = 8TRG728PSX;
				GENERATE_INFOPLIST_FILE = YES;
				MARKETING_VERSION = 1.0;
				PRODUCT_BUNDLE_IDENTIFIER = "com.gourav.SSLCertificatePining-SwiftDemoTests";
				PRODUCT_NAME = "$(TARGET_NAME)";
				SWIFT_EMIT_LOC_STRINGS = NO;
				SWIFT_VERSION = 5.0;
				TARGETED_DEVICE_FAMILY = "1,2";
				TEST_HOST = "$(BUILT_PRODUCTS_DIR)/SSLCertificatePining-SwiftDemo.app/$(BUNDLE_EXECUTABLE_FOLDER_PATH)/SSLCertificatePining-SwiftDemo";
			};
			name = Release;
		};
/* End XCBuildConfiguration section */

/* Begin XCConfigurationList section */
		35AD84842E24F14500C791B0 /* Build configuration list for PBXProject "SSLCertificatePining-SwiftDemo" */ = {
			isa = XCConfigurationList;
			buildConfigurations = (
				35AD849B2E24F14C00C791B0 /* Debug */,
				35AD849C2E24F14C00C791B0 /* Release */,
			);
			defaultConfigurationIsVisible = 0;
			defaultConfigurationName = Release;
		};
		35AD849D2E24F14C00C791B0 /* Build configuration list for PBXNativeTarget "SSLCertificatePining-SwiftDemo" */ = {
			isa = XCConfigurationList;
			buildConfigurations = (
				35AD849E2E24F14C00C791B0 /* Debug */,
				35AD849F2E24F14C00C791B0 /* Release */,
			);
			defaultConfigurationIsVisible = 0;
			defaultConfigurationName = Release;
		};
		35AD84B52E24F4DB00C791B0 /* Build configuration list for PBXNativeTarget "SSLCertificatePining-SwiftDemoTests" */ = {
			isa = XCConfigurationList;
			buildConfigurations = (
				35AD84B62E24F4DB00C791B0 /* Debug */,
				35AD84B72E24F4DB00C791B0 /* Release */,
			);
			defaultConfigurationIsVisible = 0;
			defaultConfigurationName = Release;
		};
/* End XCConfigurationList section */
	};
	rootObject = 35AD84812E24F14500C791B0 /* Project object */;
}
